
Microsoft Visual Studio Solution File, Format Version 12.00
# Visual Studio Version 17
VisualStudioVersion = 17.5.2.0
MinimumVisualStudioVersion = 10.0.40219.1
Project("{FAE04EC0-301F-11D3-BF4B-00C04F79EFBC}") = "query_wiki_pages", "query_wiki_pages\query_wiki_pages.csproj", "{AA5593CA-3879-4FC4-CE97-56FC47560C7D}"
EndProject
Project("{FAE04EC0-301F-11D3-BF4B-00C04F79EFBC}") = "hands-on", "hands-on\hands-on.csproj", "{1066F053-97BB-46B9-8B5C-BAB58826C65E}"
EndProject
Global
	GlobalSection(SolutionConfigurationPlatforms) = preSolution
		Debug|Any CPU = Debug|Any CPU
		Debug|x64 = Debug|x64
		Debug|x86 = Debug|x86
		Release|Any CPU = Release|Any CPU
		Release|x64 = Release|x64
		Release|x86 = Release|x86
	EndGlobalSection
	GlobalSection(ProjectConfigurationPlatforms) = postSolution
		{AA5593CA-3879-4FC4-CE97-56FC47560C7D}.Debug|Any CPU.ActiveCfg = Debug|Any CPU
		{AA5593CA-3879-4FC4-CE97-56FC47560C7D}.Debug|Any CPU.Build.0 = Debug|Any CPU
		{AA5593CA-3879-4FC4-CE97-56FC47560C7D}.Debug|x64.ActiveCfg = Debug|Any CPU
		{AA5593CA-3879-4FC4-CE97-56FC47560C7D}.Debug|x64.Build.0 = Debug|Any CPU
		{AA5593CA-3879-4FC4-CE97-56FC47560C7D}.Debug|x86.ActiveCfg = Debug|Any CPU
		{AA5593CA-3879-4FC4-CE97-56FC47560C7D}.Debug|x86.Build.0 = Debug|Any CPU
		{AA5593CA-3879-4FC4-CE97-56FC47560C7D}.Release|Any CPU.ActiveCfg = Release|Any CPU
		{AA5593CA-3879-4FC4-CE97-56FC47560C7D}.Release|Any CPU.Build.0 = Release|Any CPU
		{AA5593CA-3879-4FC4-CE97-56FC47560C7D}.Release|x64.ActiveCfg = Release|Any CPU
		{AA5593CA-3879-4FC4-CE97-56FC47560C7D}.Release|x64.Build.0 = Release|Any CPU
		{AA5593CA-3879-4FC4-CE97-56FC47560C7D}.Release|x86.ActiveCfg = Release|Any CPU
		{AA5593CA-3879-4FC4-CE97-56FC47560C7D}.Release|x86.Build.0 = Release|Any CPU
		{1066F053-97BB-46B9-8B5C-BAB58826C65E}.Debug|Any CPU.ActiveCfg = Debug|Any CPU
		{1066F053-97BB-46B9-8B5C-BAB58826C65E}.Debug|Any CPU.Build.0 = Debug|Any CPU
		{1066F053-97BB-46B9-8B5C-BAB58826C65E}.Debug|x64.ActiveCfg = Debug|Any CPU
		{1066F053-97BB-46B9-8B5C-BAB58826C65E}.Debug|x64.Build.0 = Debug|Any CPU
		{1066F053-97BB-46B9-8B5C-BAB58826C65E}.Debug|x86.ActiveCfg = Debug|Any CPU
		{1066F053-97BB-46B9-8B5C-BAB58826C65E}.Debug|x86.Build.0 = Debug|Any CPU
		{1066F053-97BB-46B9-8B5C-BAB58826C65E}.Release|Any CPU.ActiveCfg = Release|Any CPU
		{1066F053-97BB-46B9-8B5C-BAB58826C65E}.Release|Any CPU.Build.0 = Release|Any CPU
		{1066F053-97BB-46B9-8B5C-BAB58826C65E}.Release|x64.ActiveCfg = Release|Any CPU
		{1066F053-97BB-46B9-8B5C-BAB58826C65E}.Release|x64.Build.0 = Release|Any CPU
		{1066F053-97BB-46B9-8B5C-BAB58826C65E}.Release|x86.ActiveCfg = Release|Any CPU
		{1066F053-97BB-46B9-8B5C-BAB58826C65E}.Release|x86.Build.0 = Release|Any CPU
	EndGlobalSection
	GlobalSection(SolutionProperties) = preSolution
		HideSolutionNode = FALSE
	EndGlobalSection
	GlobalSection(ExtensibilityGlobals) = postSolution
		SolutionGuid = {DAFCF3C7-5D9D-4F3F-9953-9FD6C57C79F6}
	EndGlobalSection
EndGlobal
