Microsoft Visual Studio Solution File, Format Version 12.00
# Visual Studio Version 17
VisualStudioVersion = 17.5.2.0
MinimumVisualStudioVersion = 10.0.40219.1
Project("{FAE04EC0-301F-11D3-BF4B-00C04F79EFBC}") = "famous_wiki_people", "famous_wiki_people\famous_wiki_people.csproj", "{AA5593CA-3879-4FC4-CE97-56FC47560C7D}"
EndProject
Global
	GlobalSection(SolutionConfigurationPlatforms) = preSolution
		Debug|Any CPU = Debug|Any CPU
		Release|Any CPU = Release|Any CPU
	EndGlobalSection
	GlobalSection(ProjectConfigurationPlatforms) = postSolution
		{AA5593CA-3879-4FC4-CE97-56FC47560C7D}.Debug|Any CPU.ActiveCfg = Debug|Any CPU
		{AA5593CA-3879-4FC4-CE97-56FC47560C7D}.Debug|Any CPU.Build.0 = Debug|Any CPU
		{AA5593CA-3879-4FC4-CE97-56FC47560C7D}.Release|Any CPU.ActiveCfg = Release|Any CPU
		{AA5593CA-3879-4FC4-CE97-56FC47560C7D}.Release|Any CPU.Build.0 = Release|Any CPU
	EndGlobalSection
	GlobalSection(SolutionProperties) = preSolution
		HideSolutionNode = FALSE
	EndGlobalSection
	GlobalSection(ExtensibilityGlobals) = postSolution
		SolutionGuid = {DAFCF3C7-5D9D-4F3F-9953-9FD6C57C79F6}
	EndGlobalSection
EndGlobal
